
Microsoft Visual Studio Solution File, Format Version 12.00
# Visual Studio Version 17
VisualStudioVersion = 17.0.32112.339
MinimumVisualStudioVersion = 10.0.40219.1
Project("{9A19103F-16F7-4668-BE54-9A1E7A4F7556}") = "Simcode.PazCheck.CentralServer", "Simcode.PazCheck.CentralServer\Simcode.PazCheck.CentralServer.csproj", "{93D6CDD4-5820-4377-A2E1-C9EE59A95FEB}"
EndProject
Project("{2150E333-8FDC-42A3-9474-1A3956D46DE8}") = "Ssz", "Ssz", "{9DEDDB1B-9E6E-4845-8DBA-0A982052F792}"
EndProject
Project("{9A19103F-16F7-4668-BE54-9A1E7A4F7556}") = "Ssz.Utils", "..\Ssz.Utils\Ssz.Utils\Ssz.Utils.csproj", "{FD615065-D6BC-4B05-A318-58E5443CF755}"
EndProject
Project("{9A19103F-16F7-4668-BE54-9A1E7A4F7556}") = "Simcode.PazCheck.CentralServer.Common", "Simcode.PazCheck.CentralServer.Common\Simcode.PazCheck.CentralServer.Common.csproj", "{6A240F98-76A5-4D82-8BA7-5CA54CC49B11}"
EndProject
Project("{2150E333-8FDC-42A3-9474-1A3956D46DE8}") = "ThirdParties", "ThirdParties", "{9B36DD9B-C97B-4A22-AC8F-91AAD968A551}"
EndProject
Project("{9A19103F-16F7-4668-BE54-9A1E7A4F7556}") = "IdentityModel", "..\Ssz.Utils\ThirdParties\IdentityServer4\IdentityModel\IdentityModel.csproj", "{2827D6A8-7AF3-4180-A424-CC98A0F59E27}"
EndProject
Project("{9A19103F-16F7-4668-BE54-9A1E7A4F7556}") = "IdentityServer4", "..\Ssz.Utils\ThirdParties\IdentityServer4\IdentityServer4\IdentityServer4.csproj", "{70C3D8F4-6434-408D-943B-94DC51CCF2AF}"
EndProject
Project("{9A19103F-16F7-4668-BE54-9A1E7A4F7556}") = "IdentityServer4.Storage", "..\Ssz.Utils\ThirdParties\IdentityServer4\IdentityServer4.Storage\IdentityServer4.Storage.csproj", "{434C299D-31F6-4CDF-82F6-82252C9A7B2C}"
EndProject
Project("{9A19103F-16F7-4668-BE54-9A1E7A4F7556}") = "Novell.Directory.Ldap", "..\Ssz.Utils\ThirdParties\Novell.Directory.Ldap\Novell.Directory.Ldap.csproj", "{2D92EC74-EE48-451B-B159-C61579AEA814}"
EndProject
Project("{9A19103F-16F7-4668-BE54-9A1E7A4F7556}") = "Ssz.DataAccessGrpc.Client", "..\Ssz.Utils\Ssz.DataAccessGrpc.Client\Ssz.DataAccessGrpc.Client.csproj", "{346543EE-2C5E-4B3C-BADF-13A4A932DEC6}"
EndProject
Project("{9A19103F-16F7-4668-BE54-9A1E7A4F7556}") = "EPPlus", "..\Ssz.Utils\ThirdParties\EPPlus\EPPlus.csproj", "{16039754-EDC6-4A4D-8764-CB06DC9F755E}"
EndProject
Project("{9A19103F-16F7-4668-BE54-9A1E7A4F7556}") = "MimeKit", "..\Ssz.Utils\ThirdParties\MimeKit\MimeKit.csproj", "{68515E87-4C8B-442C-9C29-E1372D0F6631}"
EndProject
Project("{9A19103F-16F7-4668-BE54-9A1E7A4F7556}") = "MailKit", "..\Ssz.Utils\ThirdParties\MailKit\MailKit.csproj", "{3B08F707-24A5-4073-8A6A-81FD88E3F87C}"
EndProject
Project("{9A19103F-16F7-4668-BE54-9A1E7A4F7556}") = "Ssz.IdentityServer", "..\Ssz.Utils\Ssz.IdentityServer\Ssz.IdentityServer\Ssz.IdentityServer.csproj", "{61F395F8-A920-4F5E-9FF3-93AB9EE39712}"
EndProject
Project("{9A19103F-16F7-4668-BE54-9A1E7A4F7556}") = "Scriban", "..\Ssz.Utils\ThirdParties\Scriban\Scriban.csproj", "{AA141337-DAAC-4DAE-B032-497A51A35FFF}"
EndProject
Project("{FAE04EC0-301F-11D3-BF4B-00C04F79EFBC}") = "Ssz.DataAccessGrpc.Common", "..\Ssz.Utils\Ssz.DataAccessGrpc.Common\Ssz.DataAccessGrpc.Common.csproj", "{6D389F79-3915-38B5-505C-3CB3967C71BF}"
EndProject
Project("{FAE04EC0-301F-11D3-BF4B-00C04F79EFBC}") = "Ssz.DataAccessGrpc.ServerBase", "..\Ssz.Utils\Ssz.DataAccessGrpc.ServerBase\Ssz.DataAccessGrpc.ServerBase.csproj", "{0E525F7A-03BD-6109-E834-E83B41478457}"
EndProject
Project("{FAE04EC0-301F-11D3-BF4B-00C04F79EFBC}") = "Ssz.Dcs.CentralServer.Common", "..\Ssz.Utils\Ssz.Dcs\Ssz.Dcs.CentralServer.Common\Ssz.Dcs.CentralServer.Common.csproj", "{BF5DCFE7-23D7-3771-D657-A330B3B69C6D}"
EndProject
Project("{FAE04EC0-301F-11D3-BF4B-00C04F79EFBC}") = "Ssz.Utils.OpenXML", "..\Ssz.Utils\Ssz.Utils.OpenXML\Ssz.Utils.OpenXML.csproj", "{D01A6BEA-49AA-B889-EA9C-9AFAF8F93412}"
EndProject
Global
	GlobalSection(SolutionConfigurationPlatforms) = preSolution
		Debug|Any CPU = Debug|Any CPU
		Release|Any CPU = Release|Any CPU
	EndGlobalSection
	GlobalSection(ProjectConfigurationPlatforms) = postSolution
		{93D6CDD4-5820-4377-A2E1-C9EE59A95FEB}.Debug|Any CPU.ActiveCfg = Debug|Any CPU
		{93D6CDD4-5820-4377-A2E1-C9EE59A95FEB}.Debug|Any CPU.Build.0 = Debug|Any CPU
		{93D6CDD4-5820-4377-A2E1-C9EE59A95FEB}.Release|Any CPU.ActiveCfg = Release|Any CPU
		{93D6CDD4-5820-4377-A2E1-C9EE59A95FEB}.Release|Any CPU.Build.0 = Release|Any CPU
		{FD615065-D6BC-4B05-A318-58E5443CF755}.Debug|Any CPU.ActiveCfg = Debug|Any CPU
		{FD615065-D6BC-4B05-A318-58E5443CF755}.Debug|Any CPU.Build.0 = Debug|Any CPU
		{FD615065-D6BC-4B05-A318-58E5443CF755}.Release|Any CPU.ActiveCfg = Release|Any CPU
		{FD615065-D6BC-4B05-A318-58E5443CF755}.Release|Any CPU.Build.0 = Release|Any CPU
		{6A240F98-76A5-4D82-8BA7-5CA54CC49B11}.Debug|Any CPU.ActiveCfg = Debug|Any CPU
		{6A240F98-76A5-4D82-8BA7-5CA54CC49B11}.Debug|Any CPU.Build.0 = Debug|Any CPU
		{6A240F98-76A5-4D82-8BA7-5CA54CC49B11}.Release|Any CPU.ActiveCfg = Release|Any CPU
		{6A240F98-76A5-4D82-8BA7-5CA54CC49B11}.Release|Any CPU.Build.0 = Release|Any CPU
		{2827D6A8-7AF3-4180-A424-CC98A0F59E27}.Debug|Any CPU.ActiveCfg = Debug|Any CPU
		{2827D6A8-7AF3-4180-A424-CC98A0F59E27}.Debug|Any CPU.Build.0 = Debug|Any CPU
		{2827D6A8-7AF3-4180-A424-CC98A0F59E27}.Release|Any CPU.ActiveCfg = Release|Any CPU
		{2827D6A8-7AF3-4180-A424-CC98A0F59E27}.Release|Any CPU.Build.0 = Release|Any CPU
		{70C3D8F4-6434-408D-943B-94DC51CCF2AF}.Debug|Any CPU.ActiveCfg = Debug|Any CPU
		{70C3D8F4-6434-408D-943B-94DC51CCF2AF}.Debug|Any CPU.Build.0 = Debug|Any CPU
		{70C3D8F4-6434-408D-943B-94DC51CCF2AF}.Release|Any CPU.ActiveCfg = Release|Any CPU
		{70C3D8F4-6434-408D-943B-94DC51CCF2AF}.Release|Any CPU.Build.0 = Release|Any CPU
		{434C299D-31F6-4CDF-82F6-82252C9A7B2C}.Debug|Any CPU.ActiveCfg = Debug|Any CPU
		{434C299D-31F6-4CDF-82F6-82252C9A7B2C}.Debug|Any CPU.Build.0 = Debug|Any CPU
		{434C299D-31F6-4CDF-82F6-82252C9A7B2C}.Release|Any CPU.ActiveCfg = Release|Any CPU
		{434C299D-31F6-4CDF-82F6-82252C9A7B2C}.Release|Any CPU.Build.0 = Release|Any CPU
		{2D92EC74-EE48-451B-B159-C61579AEA814}.Debug|Any CPU.ActiveCfg = Debug|Any CPU
		{2D92EC74-EE48-451B-B159-C61579AEA814}.Debug|Any CPU.Build.0 = Debug|Any CPU
		{2D92EC74-EE48-451B-B159-C61579AEA814}.Release|Any CPU.ActiveCfg = Release|Any CPU
		{2D92EC74-EE48-451B-B159-C61579AEA814}.Release|Any CPU.Build.0 = Release|Any CPU
		{346543EE-2C5E-4B3C-BADF-13A4A932DEC6}.Debug|Any CPU.ActiveCfg = Debug|Any CPU
		{346543EE-2C5E-4B3C-BADF-13A4A932DEC6}.Debug|Any CPU.Build.0 = Debug|Any CPU
		{346543EE-2C5E-4B3C-BADF-13A4A932DEC6}.Release|Any CPU.ActiveCfg = Release|Any CPU
		{346543EE-2C5E-4B3C-BADF-13A4A932DEC6}.Release|Any CPU.Build.0 = Release|Any CPU
		{16039754-EDC6-4A4D-8764-CB06DC9F755E}.Debug|Any CPU.ActiveCfg = Debug|Any CPU
		{16039754-EDC6-4A4D-8764-CB06DC9F755E}.Debug|Any CPU.Build.0 = Debug|Any CPU
		{16039754-EDC6-4A4D-8764-CB06DC9F755E}.Release|Any CPU.ActiveCfg = Release|Any CPU
		{16039754-EDC6-4A4D-8764-CB06DC9F755E}.Release|Any CPU.Build.0 = Release|Any CPU
		{68515E87-4C8B-442C-9C29-E1372D0F6631}.Debug|Any CPU.ActiveCfg = Debug|Any CPU
		{68515E87-4C8B-442C-9C29-E1372D0F6631}.Debug|Any CPU.Build.0 = Debug|Any CPU
		{68515E87-4C8B-442C-9C29-E1372D0F6631}.Release|Any CPU.ActiveCfg = Release|Any CPU
		{68515E87-4C8B-442C-9C29-E1372D0F6631}.Release|Any CPU.Build.0 = Release|Any CPU
		{3B08F707-24A5-4073-8A6A-81FD88E3F87C}.Debug|Any CPU.ActiveCfg = Debug|Any CPU
		{3B08F707-24A5-4073-8A6A-81FD88E3F87C}.Debug|Any CPU.Build.0 = Debug|Any CPU
		{3B08F707-24A5-4073-8A6A-81FD88E3F87C}.Release|Any CPU.ActiveCfg = Release|Any CPU
		{3B08F707-24A5-4073-8A6A-81FD88E3F87C}.Release|Any CPU.Build.0 = Release|Any CPU
		{61F395F8-A920-4F5E-9FF3-93AB9EE39712}.Debug|Any CPU.ActiveCfg = Debug|Any CPU
		{61F395F8-A920-4F5E-9FF3-93AB9EE39712}.Debug|Any CPU.Build.0 = Debug|Any CPU
		{61F395F8-A920-4F5E-9FF3-93AB9EE39712}.Release|Any CPU.ActiveCfg = Release|Any CPU
		{61F395F8-A920-4F5E-9FF3-93AB9EE39712}.Release|Any CPU.Build.0 = Release|Any CPU
		{AA141337-DAAC-4DAE-B032-497A51A35FFF}.Debug|Any CPU.ActiveCfg = Debug|Any CPU
		{AA141337-DAAC-4DAE-B032-497A51A35FFF}.Debug|Any CPU.Build.0 = Debug|Any CPU
		{AA141337-DAAC-4DAE-B032-497A51A35FFF}.Release|Any CPU.ActiveCfg = Release|Any CPU
		{AA141337-DAAC-4DAE-B032-497A51A35FFF}.Release|Any CPU.Build.0 = Release|Any CPU
		{6D389F79-3915-38B5-505C-3CB3967C71BF}.Debug|Any CPU.ActiveCfg = Debug|Any CPU
		{6D389F79-3915-38B5-505C-3CB3967C71BF}.Debug|Any CPU.Build.0 = Debug|Any CPU
		{6D389F79-3915-38B5-505C-3CB3967C71BF}.Release|Any CPU.ActiveCfg = Release|Any CPU
		{6D389F79-3915-38B5-505C-3CB3967C71BF}.Release|Any CPU.Build.0 = Release|Any CPU
		{0E525F7A-03BD-6109-E834-E83B41478457}.Debug|Any CPU.ActiveCfg = Debug|Any CPU
		{0E525F7A-03BD-6109-E834-E83B41478457}.Debug|Any CPU.Build.0 = Debug|Any CPU
		{0E525F7A-03BD-6109-E834-E83B41478457}.Release|Any CPU.ActiveCfg = Release|Any CPU
		{0E525F7A-03BD-6109-E834-E83B41478457}.Release|Any CPU.Build.0 = Release|Any CPU
		{BF5DCFE7-23D7-3771-D657-A330B3B69C6D}.Debug|Any CPU.ActiveCfg = Debug|Any CPU
		{BF5DCFE7-23D7-3771-D657-A330B3B69C6D}.Debug|Any CPU.Build.0 = Debug|Any CPU
		{BF5DCFE7-23D7-3771-D657-A330B3B69C6D}.Release|Any CPU.ActiveCfg = Release|Any CPU
		{BF5DCFE7-23D7-3771-D657-A330B3B69C6D}.Release|Any CPU.Build.0 = Release|Any CPU
		{D01A6BEA-49AA-B889-EA9C-9AFAF8F93412}.Debug|Any CPU.ActiveCfg = Debug|Any CPU
		{D01A6BEA-49AA-B889-EA9C-9AFAF8F93412}.Debug|Any CPU.Build.0 = Debug|Any CPU
		{D01A6BEA-49AA-B889-EA9C-9AFAF8F93412}.Release|Any CPU.ActiveCfg = Release|Any CPU
		{D01A6BEA-49AA-B889-EA9C-9AFAF8F93412}.Release|Any CPU.Build.0 = Release|Any CPU
	EndGlobalSection
	GlobalSection(SolutionProperties) = preSolution
		HideSolutionNode = FALSE
	EndGlobalSection
	GlobalSection(NestedProjects) = preSolution
		{FD615065-D6BC-4B05-A318-58E5443CF755} = {9DEDDB1B-9E6E-4845-8DBA-0A982052F792}
		{9B36DD9B-C97B-4A22-AC8F-91AAD968A551} = {9DEDDB1B-9E6E-4845-8DBA-0A982052F792}
		{2827D6A8-7AF3-4180-A424-CC98A0F59E27} = {9B36DD9B-C97B-4A22-AC8F-91AAD968A551}
		{70C3D8F4-6434-408D-943B-94DC51CCF2AF} = {9B36DD9B-C97B-4A22-AC8F-91AAD968A551}
		{434C299D-31F6-4CDF-82F6-82252C9A7B2C} = {9B36DD9B-C97B-4A22-AC8F-91AAD968A551}
		{2D92EC74-EE48-451B-B159-C61579AEA814} = {9B36DD9B-C97B-4A22-AC8F-91AAD968A551}
		{346543EE-2C5E-4B3C-BADF-13A4A932DEC6} = {9DEDDB1B-9E6E-4845-8DBA-0A982052F792}
		{16039754-EDC6-4A4D-8764-CB06DC9F755E} = {9B36DD9B-C97B-4A22-AC8F-91AAD968A551}
		{68515E87-4C8B-442C-9C29-E1372D0F6631} = {9B36DD9B-C97B-4A22-AC8F-91AAD968A551}
		{3B08F707-24A5-4073-8A6A-81FD88E3F87C} = {9B36DD9B-C97B-4A22-AC8F-91AAD968A551}
		{61F395F8-A920-4F5E-9FF3-93AB9EE39712} = {9DEDDB1B-9E6E-4845-8DBA-0A982052F792}
		{AA141337-DAAC-4DAE-B032-497A51A35FFF} = {9B36DD9B-C97B-4A22-AC8F-91AAD968A551}
		{6D389F79-3915-38B5-505C-3CB3967C71BF} = {9DEDDB1B-9E6E-4845-8DBA-0A982052F792}
		{0E525F7A-03BD-6109-E834-E83B41478457} = {9DEDDB1B-9E6E-4845-8DBA-0A982052F792}
		{BF5DCFE7-23D7-3771-D657-A330B3B69C6D} = {9DEDDB1B-9E6E-4845-8DBA-0A982052F792}
		{D01A6BEA-49AA-B889-EA9C-9AFAF8F93412} = {9DEDDB1B-9E6E-4845-8DBA-0A982052F792}
	EndGlobalSection
	GlobalSection(ExtensibilityGlobals) = postSolution
		SolutionGuid = {E0E10015-7324-4BBA-ABCA-12B01A72AC95}
	EndGlobalSection
EndGlobal
